
Microsoft Visual Studio Solution File, Format Version 12.00
# Visual Studio 15
VisualStudioVersion = 15.0.27428.2011
MinimumVisualStudioVersion = 10.0.40219.1
Project("{FAE04EC0-301F-11D3-BF4B-00C04F79EFBC}") = "ImmaClashing", "ImmaClashing\ImmaClashing.csproj", "{78A3629E-2567-4B9A-AF21-4102D1D6D067}"
EndProject
Global
	GlobalSection(SolutionConfigurationPlatforms) = preSolution
		Debug|Any CPU = Debug|Any CPU
		Release|Any CPU = Release|Any CPU
	EndGlobalSection
	GlobalSection(ProjectConfigurationPlatforms) = postSolution
		{78A3629E-2567-4B9A-AF21-4102D1D6D067}.Debug|Any CPU.ActiveCfg = Debug|Any CPU
		{78A3629E-2567-4B9A-AF21-4102D1D6D067}.Debug|Any CPU.Build.0 = Debug|Any CPU
		{78A3629E-2567-4B9A-AF21-4102D1D6D067}.Release|Any CPU.ActiveCfg = Release|Any CPU
		{78A3629E-2567-4B9A-AF21-4102D1D6D067}.Release|Any CPU.Build.0 = Release|Any CPU
	EndGlobalSection
	GlobalSection(SolutionProperties) = preSolution
		HideSolutionNode = FALSE
	EndGlobalSection
	GlobalSection(ExtensibilityGlobals) = postSolution
		SolutionGuid = {90E0D195-6B73-437D-96CB-83739ED9930F}
	EndGlobalSection
EndGlobal
